
Microsoft Visual Studio Solution File, Format Version 12.00
# Visual Studio Version 16
VisualStudioVersion = 16.0.28803.202
MinimumVisualStudioVersion = 10.0.40219.1
Project("{FAE04EC0-301F-11D3-BF4B-00C04F79EFBC}") = "PLCConn", "PLCConn.csproj", "{330133CE-CAFA-480C-BC7F-DC018D9BD8D6}"
EndProject
Global
	GlobalSection(SolutionConfigurationPlatforms) = preSolution
		Debug|Any CPU = Debug|Any CPU
		Release|Any CPU = Release|Any CPU
	EndGlobalSection
	GlobalSection(ProjectConfigurationPlatforms) = postSolution
		{330133CE-CAFA-480C-BC7F-DC018D9BD8D6}.Debug|Any CPU.ActiveCfg = Debug|Any CPU
		{330133CE-CAFA-480C-BC7F-DC018D9BD8D6}.Debug|Any CPU.Build.0 = Debug|Any CPU
		{330133CE-CAFA-480C-BC7F-DC018D9BD8D6}.Release|Any CPU.ActiveCfg = Release|Any CPU
		{330133CE-CAFA-480C-BC7F-DC018D9BD8D6}.Release|Any CPU.Build.0 = Release|Any CPU
	EndGlobalSection
	GlobalSection(SolutionProperties) = preSolution
		HideSolutionNode = FALSE
	EndGlobalSection
	GlobalSection(ExtensibilityGlobals) = postSolution
		SolutionGuid = {C4631A5E-E984-44D2-926A-3105EB0A11E1}
	EndGlobalSection
EndGlobal
